// !$*UTF8*$!
{
	archiveVersion = 1;
	classes = {
	};
	objectVersion = 46;
	objects = {

/* Begin PBXBuildFile section */
		190A7108DECD8EA36CCBA8F3 /* Pods_chatMessage2.framework in Frameworks */ = {isa = PBXBuildFile; fileRef = EAC352FCBB94B6B9988E3A88 /* Pods_chatMessage2.framework */; };
		D15A9A701F32B3E300DE3FE0 /* NewMessageController.swift in Sources */ = {isa = PBXBuildFile; fileRef = D15A9A6F1F32B3E300DE3FE0 /* NewMessageController.swift */; };
		D15A9A751F32F38E00DE3FE0 /* LoginController+handlers.swift in Sources */ = {isa = PBXBuildFile; fileRef = D15A9A741F32F38E00DE3FE0 /* LoginController+handlers.swift */; };
		D15A9A771F3419A100DE3FE0 /* extensions.swift in Sources */ = {isa = PBXBuildFile; fileRef = D15A9A761F3419A100DE3FE0 /* extensions.swift */; };
		D15A9A7A1F3598B700DE3FE0 /* ChatLogController.swift in Sources */ = {isa = PBXBuildFile; fileRef = D15A9A791F3598B700DE3FE0 /* ChatLogController.swift */; };
		D185944D1F2ECBA800A9874C /* AppDelegate.swift in Sources */ = {isa = PBXBuildFile; fileRef = D185944C1F2ECBA800A9874C /* AppDelegate.swift */; };
		D185944F1F2ECBA800A9874C /* MessagesController.swift in Sources */ = {isa = PBXBuildFile; fileRef = D185944E1F2ECBA800A9874C /* MessagesController.swift */; };
		D18594521F2ECBA800A9874C /* Main.storyboard in Resources */ = {isa = PBXBuildFile; fileRef = D18594501F2ECBA800A9874C /* Main.storyboard */; };
		D18594541F2ECBA800A9874C /* Assets.xcassets in Resources */ = {isa = PBXBuildFile; fileRef = D18594531F2ECBA800A9874C /* Assets.xcassets */; };
		D18594571F2ECBA800A9874C /* LaunchScreen.storyboard in Resources */ = {isa = PBXBuildFile; fileRef = D18594551F2ECBA800A9874C /* LaunchScreen.storyboard */; };
		D185945F1F2ECD1400A9874C /* LoginController.swift in Sources */ = {isa = PBXBuildFile; fileRef = D185945E1F2ECD1400A9874C /* LoginController.swift */; };
		D19C43E81F64BE50001075A3 /* Users.swift in Sources */ = {isa = PBXBuildFile; fileRef = D19C43E71F64BE50001075A3 /* Users.swift */; };
		D1E54EE21F957D1000CB7649 /* User.swift in Sources */ = {isa = PBXBuildFile; fileRef = D1E54EE11F957D1000CB7649 /* User.swift */; };
		D1EF8CD61F318F0100C3A633 /* GoogleService-Info.plist in Resources */ = {isa = PBXBuildFile; fileRef = D1EF8CD51F318F0100C3A633 /* GoogleService-Info.plist */; };
/* End PBXBuildFile section */

/* Begin PBXFileReference section */
		1A30F5863EEF52F4EDF71612 /* Pods-chatMessage2.release.xcconfig */ = {isa = PBXFileReference; includeInIndex = 1; lastKnownFileType = text.xcconfig; name = "Pods-chatMessage2.release.xcconfig"; path = "Pods/Target Support Files/Pods-chatMessage2/Pods-chatMessage2.release.xcconfig"; sourceTree = "<group>"; };
		D15A9A6F1F32B3E300DE3FE0 /* NewMessageController.swift */ = {isa = PBXFileReference; fileEncoding = 4; lastKnownFileType = sourcecode.swift; path = NewMessageController.swift; sourceTree = "<group>"; };
		D15A9A741F32F38E00DE3FE0 /* LoginController+handlers.swift */ = {isa = PBXFileReference; fileEncoding = 4; lastKnownFileType = sourcecode.swift; path = "LoginController+handlers.swift"; sourceTree = "<group>"; };
		D15A9A761F3419A100DE3FE0 /* extensions.swift */ = {isa = PBXFileReference; fileEncoding = 4; lastKnownFileType = sourcecode.swift; path = extensions.swift; sourceTree = "<group>"; };
		D15A9A791F3598B700DE3FE0 /* ChatLogController.swift */ = {isa = PBXFileReference; fileEncoding = 4; lastKnownFileType = sourcecode.swift; path = ChatLogController.swift; sourceTree = "<group>"; };
		D18594491F2ECBA800A9874C /* chatMessage2.app */ = {isa = PBXFileReference; explicitFileType = wrapper.application; includeInIndex = 0; path = chatMessage2.app; sourceTree = BUILT_PRODUCTS_DIR; };
		D185944C1F2ECBA800A9874C /* AppDelegate.swift */ = {isa = PBXFileReference; lastKnownFileType = sourcecode.swift; path = AppDelegate.swift; sourceTree = "<group>"; };
		D185944E1F2ECBA800A9874C /* MessagesController.swift */ = {isa = PBXFileReference; lastKnownFileType = sourcecode.swift; path = MessagesController.swift; sourceTree = "<group>"; };
		D18594511F2ECBA800A9874C /* Base */ = {isa = PBXFileReference; lastKnownFileType = file.storyboard; name = Base; path = Base.lproj/Main.storyboard; sourceTree = "<group>"; };
		D18594531F2ECBA800A9874C /* Assets.xcassets */ = {isa = PBXFileReference; lastKnownFileType = folder.assetcatalog; path = Assets.xcassets; sourceTree = "<group>"; };
		D18594561F2ECBA800A9874C /* Base */ = {isa = PBXFileReference; lastKnownFileType = file.storyboard; name = Base; path = Base.lproj/LaunchScreen.storyboard; sourceTree = "<group>"; };
		D18594581F2ECBA800A9874C /* Info.plist */ = {isa = PBXFileReference; lastKnownFileType = text.plist.xml; path = Info.plist; sourceTree = "<group>"; };
		D185945E1F2ECD1400A9874C /* LoginController.swift */ = {isa = PBXFileReference; fileEncoding = 4; lastKnownFileType = sourcecode.swift; path = LoginController.swift; sourceTree = "<group>"; };
		D19C43E71F64BE50001075A3 /* Users.swift */ = {isa = PBXFileReference; fileEncoding = 4; lastKnownFileType = sourcecode.swift; path = Users.swift; sourceTree = "<group>"; };
		D1E54EE11F957D1000CB7649 /* User.swift */ = {isa = PBXFileReference; lastKnownFileType = sourcecode.swift; path = User.swift; sourceTree = "<group>"; };
		D1EF8CD51F318F0100C3A633 /* GoogleService-Info.plist */ = {isa = PBXFileReference; fileEncoding = 4; lastKnownFileType = text.plist.xml; path = "GoogleService-Info.plist"; sourceTree = "<group>"; };
		E141A009904A8AE3C3025498 /* Pods-chatMessage2.debug.xcconfig */ = {isa = PBXFileReference; includeInIndex = 1; lastKnownFileType = text.xcconfig; name = "Pods-chatMessage2.debug.xcconfig"; path = "Pods/Target Support Files/Pods-chatMessage2/Pods-chatMessage2.debug.xcconfig"; sourceTree = "<group>"; };
		EAC352FCBB94B6B9988E3A88 /* Pods_chatMessage2.framework */ = {isa = PBXFileReference; explicitFileType = wrapper.framework; includeInIndex = 0; path = Pods_chatMessage2.framework; sourceTree = BUILT_PRODUCTS_DIR; };
/* End PBXFileReference section */

/* Begin PBXFrameworksBuildPhase section */
		D18594461F2ECBA800A9874C /* Frameworks */ = {
			isa = PBXFrameworksBuildPhase;
			buildActionMask = 2147483647;
			files = (
				190A7108DECD8EA36CCBA8F3 /* Pods_chatMessage2.framework in Frameworks */,
			);
			runOnlyForDeploymentPostprocessing = 0;
		};
/* End PBXFrameworksBuildPhase section */

/* Begin PBXGroup section */
		B1C07DFABE890835C3CD6F55 /* Frameworks */ = {
			isa = PBXGroup;
			children = (
				EAC352FCBB94B6B9988E3A88 /* Pods_chatMessage2.framework */,
			);
			name = Frameworks;
			sourceTree = "<group>";
		};
		B68E6852EDC1CE3BF568E8DD /* Pods */ = {
			isa = PBXGroup;
			children = (
				E141A009904A8AE3C3025498 /* Pods-chatMessage2.debug.xcconfig */,
				1A30F5863EEF52F4EDF71612 /* Pods-chatMessage2.release.xcconfig */,
			);
			name = Pods;
			sourceTree = "<group>";
		};
		D15A9A711F32E45B00DE3FE0 /* Model */ = {
			isa = PBXGroup;
			children = (
				D19C43E71F64BE50001075A3 /* Users.swift */,
				D1E54EE11F957D1000CB7649 /* User.swift */,
			);
			name = Model;
			sourceTree = "<group>";
		};
		D15A9A781F3419AD00DE3FE0 /* Helpers */ = {
			isa = PBXGroup;
			children = (
				D15A9A761F3419A100DE3FE0 /* extensions.swift */,
			);
			name = Helpers;
			sourceTree = "<group>";
		};
		D18594401F2ECBA800A9874C = {
			isa = PBXGroup;
			children = (
				D185944B1F2ECBA800A9874C /* chatMessage2 */,
				D185944A1F2ECBA800A9874C /* Products */,
				B68E6852EDC1CE3BF568E8DD /* Pods */,
				B1C07DFABE890835C3CD6F55 /* Frameworks */,
			);
			sourceTree = "<group>";
		};
		D185944A1F2ECBA800A9874C /* Products */ = {
			isa = PBXGroup;
			children = (
				D18594491F2ECBA800A9874C /* chatMessage2.app */,
			);
			name = Products;
			sourceTree = "<group>";
		};
		D185944B1F2ECBA800A9874C /* chatMessage2 */ = {
			isa = PBXGroup;
			children = (
				D15A9A781F3419AD00DE3FE0 /* Helpers */,
				D15A9A711F32E45B00DE3FE0 /* Model */,
				D18594601F2ECD1A00A9874C /* Controller */,
				D185944C1F2ECBA800A9874C /* AppDelegate.swift */,
				D18594501F2ECBA800A9874C /* Main.storyboard */,
				D18594531F2ECBA800A9874C /* Assets.xcassets */,
				D18594551F2ECBA800A9874C /* LaunchScreen.storyboard */,
				D18594581F2ECBA800A9874C /* Info.plist */,
				D1EF8CD51F318F0100C3A633 /* GoogleService-Info.plist */,
			);
			path = chatMessage2;
			sourceTree = "<group>";
		};
		D18594601F2ECD1A00A9874C /* Controller */ = {
			isa = PBXGroup;
			children = (
				D185944E1F2ECBA800A9874C /* MessagesController.swift */,
				D15A9A6F1F32B3E300DE3FE0 /* NewMessageController.swift */,
				D15A9A741F32F38E00DE3FE0 /* LoginController+handlers.swift */,
				D185945E1F2ECD1400A9874C /* LoginController.swift */,
				D15A9A791F3598B700DE3FE0 /* ChatLogController.swift */,
			);
			name = Controller;
			sourceTree = "<group>";
		};
/* End PBXGroup section */

/* Begin PBXNativeTarget section */
		D18594481F2ECBA800A9874C /* chatMessage2 */ = {
			isa = PBXNativeTarget;
			buildConfigurationList = D185945B1F2ECBA800A9874C /* Build configuration list for PBXNativeTarget "chatMessage2" */;
			buildPhases = (
				80B282C697F2776595DEBED1 /* [CP] Check Pods Manifest.lock */,
				D18594451F2ECBA800A9874C /* Sources */,
				D18594461F2ECBA800A9874C /* Frameworks */,
				D18594471F2ECBA800A9874C /* Resources */,
				B19CE026CEDDE04087FE51BE /* [CP] Embed Pods Frameworks */,
				697D4696902F15ACA42AF772 /* [CP] Copy Pods Resources */,
			);
			buildRules = (
			);
			dependencies = (
			);
			name = chatMessage2;
			productName = chatMessage2;
			productReference = D18594491F2ECBA800A9874C /* chatMessage2.app */;
			productType = "com.apple.product-type.application";
		};
/* End PBXNativeTarget section */

/* Begin PBXProject section */
		D18594411F2ECBA800A9874C /* Project object */ = {
			isa = PBXProject;
			attributes = {
				LastSwiftUpdateCheck = 0820;
				LastUpgradeCheck = 0900;
				ORGANIZATIONNAME = Moomar;
				TargetAttributes = {
					D18594481F2ECBA800A9874C = {
						CreatedOnToolsVersion = 8.2.1;
						DevelopmentTeam = 34Q7H9ASU6;
						LastSwiftMigration = 0900;
						ProvisioningStyle = Automatic;
					};
				};
			};
			buildConfigurationList = D18594441F2ECBA800A9874C /* Build configuration list for PBXProject "chatMessage2" */;
			compatibilityVersion = "Xcode 3.2";
			developmentRegion = English;
			hasScannedForEncodings = 0;
			knownRegions = (
				en,
				Base,
			);
			mainGroup = D18594401F2ECBA800A9874C;
			productRefGroup = D185944A1F2ECBA800A9874C /* Products */;
			projectDirPath = "";
			projectRoot = "";
			targets = (
				D18594481F2ECBA800A9874C /* chatMessage2 */,
			);
		};
/* End PBXProject section */

/* Begin PBXResourcesBuildPhase section */
		D18594471F2ECBA800A9874C /* Resources */ = {
			isa = PBXResourcesBuildPhase;
			buildActionMask = 2147483647;
			files = (
				D18594571F2ECBA800A9874C /* LaunchScreen.storyboard in Resources */,
				D1EF8CD61F318F0100C3A633 /* GoogleService-Info.plist in Resources */,
				D18594541F2ECBA800A9874C /* Assets.xcassets in Resources */,
				D18594521F2ECBA800A9874C /* Main.storyboard in Resources */,
			);
			runOnlyForDeploymentPostprocessing = 0;
		};
/* End PBXResourcesBuildPhase section */

/* Begin PBXShellScriptBuildPhase section */
		697D4696902F15ACA42AF772 /* [CP] Copy Pods Resources */ = {
			isa = PBXShellScriptBuildPhase;
			buildActionMask = 2147483647;
			files = (
			);
			inputPaths = (
			);
			name = "[CP] Copy Pods Resources";
			outputPaths = (
			);
			runOnlyForDeploymentPostprocessing = 0;
			shellPath = /bin/sh;
			shellScript = "\"${SRCROOT}/Pods/Target Support Files/Pods-chatMessage2/Pods-chatMessage2-resources.sh\"\n";
			showEnvVarsInLog = 0;
		};
		80B282C697F2776595DEBED1 /* [CP] Check Pods Manifest.lock */ = {
			isa = PBXShellScriptBuildPhase;
			buildActionMask = 2147483647;
			files = (
			);
			inputPaths = (
			);
			name = "[CP] Check Pods Manifest.lock";
			outputPaths = (
			);
			runOnlyForDeploymentPostprocessing = 0;
			shellPath = /bin/sh;
			shellScript = "diff \"${PODS_PODFILE_DIR_PATH}/Podfile.lock\" \"${PODS_ROOT}/Manifest.lock\" > /dev/null\nif [ $? != 0 ] ; then\n    # print error to STDERR\n    echo \"error: The sandbox is not in sync with the Podfile.lock. Run 'pod install' or update your CocoaPods installation.\" >&2\n    exit 1\nfi\n";
			showEnvVarsInLog = 0;
		};
		B19CE026CEDDE04087FE51BE /* [CP] Embed Pods Frameworks */ = {
			isa = PBXShellScriptBuildPhase;
			buildActionMask = 2147483647;
			files = (
			);
			inputPaths = (
			);
			name = "[CP] Embed Pods Frameworks";
			outputPaths = (
			);
			runOnlyForDeploymentPostprocessing = 0;
			shellPath = /bin/sh;
			shellScript = "\"${SRCROOT}/Pods/Target Support Files/Pods-chatMessage2/Pods-chatMessage2-frameworks.sh\"\n";
			showEnvVarsInLog = 0;
		};
/* End PBXShellScriptBuildPhase section */

/* Begin PBXSourcesBuildPhase section */
		D18594451F2ECBA800A9874C /* Sources */ = {
			isa = PBXSourcesBuildPhase;
			buildActionMask = 2147483647;
			files = (
				D15A9A701F32B3E300DE3FE0 /* NewMessageController.swift in Sources */,
				D19C43E81F64BE50001075A3 /* Users.swift in Sources */,
				D185944F1F2ECBA800A9874C /* MessagesController.swift in Sources */,
				D15A9A751F32F38E00DE3FE0 /* LoginController+handlers.swift in Sources */,
				D15A9A771F3419A100DE3FE0 /* extensions.swift in Sources */,
				D185945F1F2ECD1400A9874C /* LoginController.swift in Sources */,
				D15A9A7A1F3598B700DE3FE0 /* ChatLogController.swift in Sources */,
				D1E54EE21F957D1000CB7649 /* User.swift in Sources */,
				D185944D1F2ECBA800A9874C /* AppDelegate.swift in Sources */,
			);
			runOnlyForDeploymentPostprocessing = 0;
		};
/* End PBXSourcesBuildPhase section */

/* Begin PBXVariantGroup section */
		D18594501F2ECBA800A9874C /* Main.storyboard */ = {
			isa = PBXVariantGroup;
			children = (
				D18594511F2ECBA800A9874C /* Base */,
			);
			name = Main.storyboard;
			sourceTree = "<group>";
		};
		D18594551F2ECBA800A9874C /* LaunchScreen.storyboard */ = {
			isa = PBXVariantGroup;
			children = (
				D18594561F2ECBA800A9874C /* Base */,
			);
			name = LaunchScreen.storyboard;
			sourceTree = "<group>";
		};
/* End PBXVariantGroup section */

/* Begin XCBuildConfiguration section */
		D18594591F2ECBA800A9874C /* Debug */ = {
			isa = XCBuildConfiguration;
			buildSettings = {
				ALWAYS_SEARCH_USER_PATHS = NO;
				CLANG_ANALYZER_NONNULL = YES;
				CLANG_CXX_LANGUAGE_STANDARD = "gnu++0x";
				CLANG_CXX_LIBRARY = "libc++";
				CLANG_ENABLE_MODULES = YES;
				CLANG_ENABLE_OBJC_ARC = YES;
				CLANG_WARN_BLOCK_CAPTURE_AUTORELEASING = YES;
				CLANG_WARN_BOOL_CONVERSION = YES;
				CLANG_WARN_COMMA = YES;
				CLANG_WARN_CONSTANT_CONVERSION = YES;
				CLANG_WARN_DIRECT_OBJC_ISA_USAGE = YES_ERROR;
				CLANG_WARN_DOCUMENTATION_COMMENTS = YES;
				CLANG_WARN_EMPTY_BODY = YES;
				CLANG_WARN_ENUM_CONVERSION = YES;
				CLANG_WARN_INFINITE_RECURSION = YES;
				CLANG_WARN_INT_CONVERSION = YES;
				CLANG_WARN_NON_LITERAL_NULL_CONVERSION = YES;
				CLANG_WARN_OBJC_LITERAL_CONVERSION = YES;
				CLANG_WARN_OBJC_ROOT_CLASS = YES_ERROR;
				CLANG_WARN_RANGE_LOOP_ANALYSIS = YES;
				CLANG_WARN_STRICT_PROTOTYPES = YES;
				CLANG_WARN_SUSPICIOUS_MOVE = YES;
				CLANG_WARN_UNREACHABLE_CODE = YES;
				CLANG_WARN__DUPLICATE_METHOD_MATCH = YES;
				"CODE_SIGN_IDENTITY[sdk=iphoneos*]" = "iPhone Developer";
				COPY_PHASE_STRIP = NO;
				DEBUG_INFORMATION_FORMAT = dwarf;
				ENABLE_STRICT_OBJC_MSGSEND = YES;
				ENABLE_TESTABILITY = YES;
				GCC_C_LANGUAGE_STANDARD = gnu99;
				GCC_DYNAMIC_NO_PIC = NO;
				GCC_NO_COMMON_BLOCKS = YES;
				GCC_OPTIMIZATION_LEVEL = 0;
				GCC_PREPROCESSOR_DEFINITIONS = (
					"DEBUG=1",
					"$(inherited)",
				);
				GCC_WARN_64_TO_32_BIT_CONVERSION = YES;
				GCC_WARN_ABOUT_RETURN_TYPE = YES_ERROR;
				GCC_WARN_UNDECLARED_SELECTOR = YES;
				GCC_WARN_UNINITIALIZED_AUTOS = YES_AGGRESSIVE;
				GCC_WARN_UNUSED_FUNCTION = YES;
				GCC_WARN_UNUSED_VARIABLE = YES;
				IPHONEOS_DEPLOYMENT_TARGET = 10.2;
				MTL_ENABLE_DEBUG_INFO = YES;
				ONLY_ACTIVE_ARCH = YES;
				SDKROOT = iphoneos;
				SWIFT_ACTIVE_COMPILATION_CONDITIONS = DEBUG;
				SWIFT_OPTIMIZATION_LEVEL = "-Onone";
			};
			name = Debug;
		};
		D185945A1F2ECBA800A9874C /* Release */ = {
			isa = XCBuildConfiguration;
			buildSettings = {
				ALWAYS_SEARCH_USER_PATHS = NO;
				CLANG_ANALYZER_NONNULL = YES;
				CLANG_CXX_LANGUAGE_STANDARD = "gnu++0x";
				CLANG_CXX_LIBRARY = "libc++";
				CLANG_ENABLE_MODULES = YES;
				CLANG_ENABLE_OBJC_ARC = YES;
				CLANG_WARN_BLOCK_CAPTURE_AUTORELEASING = YES;
				CLANG_WARN_BOOL_CONVERSION = YES;
				CLANG_WARN_COMMA = YES;
				CLANG_WARN_CONSTANT_CONVERSION = YES;
				CLANG_WARN_DIRECT_OBJC_ISA_USAGE = YES_ERROR;
				CLANG_WARN_DOCUMENTATION_COMMENTS = YES;
				CLANG_WARN_EMPTY_BODY = YES;
				CLANG_WARN_ENUM_CONVERSION = YES;
				CLANG_WARN_INFINITE_RECURSION = YES;
				CLANG_WARN_INT_CONVERSION = YES;
				CLANG_WARN_NON_LITERAL_NULL_CONVERSION = YES;
				CLANG_WARN_OBJC_LITERAL_CONVERSION = YES;
				CLANG_WARN_OBJC_ROOT_CLASS = YES_ERROR;
				CLANG_WARN_RANGE_LOOP_ANALYSIS = YES;
				CLANG_WARN_STRICT_PROTOTYPES = YES;
				CLANG_WARN_SUSPICIOUS_MOVE = YES;
				CLANG_WARN_UNREACHABLE_CODE = YES;
				CLANG_WARN__DUPLICATE_METHOD_MATCH = YES;
				"CODE_SIGN_IDENTITY[sdk=iphoneos*]" = "iPhone Developer";
				COPY_PHASE_STRIP = NO;
				DEBUG_INFORMATION_FORMAT = "dwarf-with-dsym";
				ENABLE_NS_ASSERTIONS = NO;
				ENABLE_STRICT_OBJC_MSGSEND = YES;
				GCC_C_LANGUAGE_STANDARD = gnu99;
				GCC_NO_COMMON_BLOCKS = YES;
				GCC_WARN_64_TO_32_BIT_CONVERSION = YES;
				GCC_WARN_ABOUT_RETURN_TYPE = YES_ERROR;
				GCC_WARN_UNDECLARED_SELECTOR = YES;
				GCC_WARN_UNINITIALIZED_AUTOS = YES_AGGRESSIVE;
				GCC_WARN_UNUSED_FUNCTION = YES;
				GCC_WARN_UNUSED_VARIABLE = YES;
				IPHONEOS_DEPLOYMENT_TARGET = 10.2;
				MTL_ENABLE_DEBUG_INFO = NO;
				SDKROOT = iphoneos;
				SWIFT_OPTIMIZATION_LEVEL = "-Owholemodule";
				VALIDATE_PRODUCT = YES;
			};
			name = Release;
		};
		D185945C1F2ECBA800A9874C /* Debug */ = {
			isa = XCBuildConfiguration;
			baseConfigurationReference = E141A009904A8AE3C3025498 /* Pods-chatMessage2.debug.xcconfig */;
			buildSettings = {
				ASSETCATALOG_COMPILER_APPICON_NAME = AppIcon;
				DEVELOPMENT_TEAM = 34Q7H9ASU6;
				INFOPLIST_FILE = chatMessage2/Info.plist;
				LD_RUNPATH_SEARCH_PATHS = "$(inherited) @executable_path/Frameworks";
				PRODUCT_BUNDLE_IDENTIFIER = idk.sdafs.chatMessage2;
				PRODUCT_NAME = "$(TARGET_NAME)";
				SWIFT_SWIFT3_OBJC_INFERENCE = On;
				SWIFT_VERSION = 4.0;
			};
			name = Debug;
		};
		D185945D1F2ECBA800A9874C /* Release */ = {
			isa = XCBuildConfiguration;
			baseConfigurationReference = 1A30F5863EEF52F4EDF71612 /* Pods-chatMessage2.release.xcconfig */;
			buildSettings = {
				ASSETCATALOG_COMPILER_APPICON_NAME = AppIcon;
				DEVELOPMENT_TEAM = 34Q7H9ASU6;
				INFOPLIST_FILE = chatMessage2/Info.plist;
				LD_RUNPATH_SEARCH_PATHS = "$(inherited) @executable_path/Frameworks";
				PRODUCT_BUNDLE_IDENTIFIER = idk.sdafs.chatMessage2;
				PRODUCT_NAME = "$(TARGET_NAME)";
				SWIFT_SWIFT3_OBJC_INFERENCE = On;
				SWIFT_VERSION = 4.0;
			};
			name = Release;
		};
/* End XCBuildConfiguration section */

/* Begin XCConfigurationList section */
		D18594441F2ECBA800A9874C /* Build configuration list for PBXProject "chatMessage2" */ = {
			isa = XCConfigurationList;
			buildConfigurations = (
				D18594591F2ECBA800A9874C /* Debug */,
				D185945A1F2ECBA800A9874C /* Release */,
			);
			defaultConfigurationIsVisible = 0;
			defaultConfigurationName = Release;
		};
		D185945B1F2ECBA800A9874C /* Build configuration list for PBXNativeTarget "chatMessage2" */ = {
			isa = XCConfigurationList;
			buildConfigurations = (
				D185945C1F2ECBA800A9874C /* Debug */,
				D185945D1F2ECBA800A9874C /* Release */,
			);
			defaultConfigurationIsVisible = 0;
			defaultConfigurationName = Release;
		};
/* End XCConfigurationList section */
	};
	rootObject = D18594411F2ECBA800A9874C /* Project object */;
}
